
Microsoft Visual Studio Solution File, Format Version 12.00
# Visual Studio Version 17
VisualStudioVersion = 17.14.36908.2 d17.14
MinimumVisualStudioVersion = 10.0.40219.1
Project("{FAE04EC0-301F-11D3-BF4B-00C04F79EFBC}") = "M17E_intro", "M17E_intro\M17E_intro.csproj", "{6A1673BE-BD2C-4B96-A162-057B83032706}"
EndProject
Global
	GlobalSection(SolutionConfigurationPlatforms) = preSolution
		Debug|Any CPU = Debug|Any CPU
		Release|Any CPU = Release|Any CPU
	EndGlobalSection
	GlobalSection(ProjectConfigurationPlatforms) = postSolution
		{6A1673BE-BD2C-4B96-A162-057B83032706}.Debug|Any CPU.ActiveCfg = Debug|Any CPU
		{6A1673BE-BD2C-4B96-A162-057B83032706}.Debug|Any CPU.Build.0 = Debug|Any CPU
		{6A1673BE-BD2C-4B96-A162-057B83032706}.Release|Any CPU.ActiveCfg = Release|Any CPU
		{6A1673BE-BD2C-4B96-A162-057B83032706}.Release|Any CPU.Build.0 = Release|Any CPU
	EndGlobalSection
	GlobalSection(SolutionProperties) = preSolution
		HideSolutionNode = FALSE
	EndGlobalSection
	GlobalSection(ExtensibilityGlobals) = postSolution
		SolutionGuid = {BE7E0DE0-CA58-4E77-9B72-DEA0F0B73EF1}
	EndGlobalSection
EndGlobal
